dependencies:
- name: postgresql
  repository: https://charts.bitnami.com/bitnami
  version: 12.1.15
- name: nuclio
  repository: https://nuclio.github.io/nuclio/charts
  version: 0.19.0
- name: vector
  repository: https://helm.vector.dev
  version: 0.19.2
- name: clickhouse
  repository: https://charts.bitnami.com/bitnami
  version: 4.1.16
- name: grafana
  repository: https://grafana.github.io/helm-charts
  version: 6.60.6
- name: traefik
  repository: https://helm.traefik.io/traefik
  version: 34.4.1
- name: redis
  repository: https://charts.bitnami.com/bitnami
  version: 18.5.0
digest: sha256:8e1d371b2f952dfe490256805a6b601a6cbaf53ba69e5fa5cea80158992d6b83
generated: "2025-05-06T11:21:21.288605357+08:00"
